
Microsoft Visual Studio Solution File, Format Version 12.00
# Visual Studio 2012
Project("{FAE04EC0-301F-11D3-BF4B-00C04F79EFBC}") = "FxUserCenter", "FxUserCenter\FxUserCenter.csproj", "{BFF9707B-0EF6-46CD-97B2-B29C62428BB6}"
EndProject
Global
	GlobalSection(SolutionConfigurationPlatforms) = preSolution
		Debug|Any CPU = Debug|Any CPU
		Release|Any CPU = Release|Any CPU
	EndGlobalSection
	GlobalSection(ProjectConfigurationPlatforms) = postSolution
		{BFF9707B-0EF6-46CD-97B2-B29C62428BB6}.Debug|Any CPU.ActiveCfg = Debug|Any CPU
		{BFF9707B-0EF6-46CD-97B2-B29C62428BB6}.Debug|Any CPU.Build.0 = Debug|Any CPU
		{BFF9707B-0EF6-46CD-97B2-B29C62428BB6}.Release|Any CPU.ActiveCfg = Release|Any CPU
		{BFF9707B-0EF6-46CD-97B2-B29C62428BB6}.Release|Any CPU.Build.0 = Release|Any CPU
	EndGlobalSection
	GlobalSection(SolutionProperties) = preSolution
		HideSolutionNode = FALSE
	EndGlobalSection
EndGlobal
